// !$*UTF8*$!
{
	archiveVersion = 1;
	classes = {
	};
	objectVersion = 48;
	objects = {

/* Begin PBXBuildFile section */
		F545242D1F824F3C006760B5 /* AppDelegate.swift in Sources */ = {isa = PBXBuildFile; fileRef = F545242C1F824F3C006760B5 /* AppDelegate.swift */; };
		F545242F1F824F3C006760B5 /* ViewController.swift in Sources */ = {isa = PBXBuildFile; fileRef = F545242E1F824F3C006760B5 /* ViewController.swift */; };
		F54524321F824F3C006760B5 /* Main.storyboard in Resources */ = {isa = PBXBuildFile; fileRef = F54524301F824F3C006760B5 /* Main.storyboard */; };
		F54524341F824F3C006760B5 /* Assets.xcassets in Resources */ = {isa = PBXBuildFile; fileRef = F54524331F824F3C006760B5 /* Assets.xcassets */; };
		F54524371F824F3C006760B5 /* LaunchScreen.storyboard in Resources */ = {isa = PBXBuildFile; fileRef = F54524351F824F3C006760B5 /* LaunchScreen.storyboard */; };
		F54524421F824F3C006760B5 /* Auto_layoutTests.swift in Sources */ = {isa = PBXBuildFile; fileRef = F54524411F824F3C006760B5 /* Auto_layoutTests.swift */; };
		F545244D1F824F3C006760B5 /* Auto_layoutUITests.swift in Sources */ = {isa = PBXBuildFile; fileRef = F545244C1F824F3C006760B5 /* Auto_layoutUITests.swift */; };
/* End PBXBuildFile section */

/* Begin PBXContainerItemProxy section */
		F545243E1F824F3C006760B5 /* PBXContainerItemProxy */ = {
			isa = PBXContainerItemProxy;
			containerPortal = F54524211F824F3C006760B5 /* Project object */;
			proxyType = 1;
			remoteGlobalIDString = F54524281F824F3C006760B5;
			remoteInfo = "Auto-layout";
		};
		F54524491F824F3C006760B5 /* PBXContainerItemProxy */ = {
			isa = PBXContainerItemProxy;
			containerPortal = F54524211F824F3C006760B5 /* Project object */;
			proxyType = 1;
			remoteGlobalIDString = F54524281F824F3C006760B5;
			remoteInfo = "Auto-layout";
		};
/* End PBXContainerItemProxy section */

/* Begin PBXFileReference section */
		F54524291F824F3C006760B5 /* Auto-layout.app */ = {isa = PBXFileReference; explicitFileType = wrapper.application; includeInIndex = 0; path = "Auto-layout.app"; sourceTree = BUILT_PRODUCTS_DIR; };
		F545242C1F824F3C006760B5 /* AppDelegate.swift */ = {isa = PBXFileReference; lastKnownFileType = sourcecode.swift; path = AppDelegate.swift; sourceTree = "<group>"; };
		F545242E1F824F3C006760B5 /* ViewController.swift */ = {isa = PBXFileReference; lastKnownFileType = sourcecode.swift; path = ViewController.swift; sourceTree = "<group>"; };
		F54524311F824F3C006760B5 /* Base */ = {isa = PBXFileReference; lastKnownFileType = file.storyboard; name = Base; path = Base.lproj/Main.storyboard; sourceTree = "<group>"; };
		F54524331F824F3C006760B5 /* Assets.xcassets */ = {isa = PBXFileReference; lastKnownFileType = folder.assetcatalog; path = Assets.xcassets; sourceTree = "<group>"; };
		F54524361F824F3C006760B5 /* Base */ = {isa = PBXFileReference; lastKnownFileType = file.storyboard; name = Base; path = Base.lproj/LaunchScreen.storyboard; sourceTree = "<group>"; };
		F54524381F824F3C006760B5 /* Info.plist */ = {isa = PBXFileReference; lastKnownFileType = text.plist.xml; path = Info.plist; sourceTree = "<group>"; };
		F545243D1F824F3C006760B5 /* Auto-layoutTests.xctest */ = {isa = PBXFileReference; explicitFileType = wrapper.cfbundle; includeInIndex = 0; path = "Auto-layoutTests.xctest"; sourceTree = BUILT_PRODUCTS_DIR; };
		F54524411F824F3C006760B5 /* Auto_layoutTests.swift */ = {isa = PBXFileReference; lastKnownFileType = sourcecode.swift; path = Auto_layoutTests.swift; sourceTree = "<group>"; };
		F54524431F824F3C006760B5 /* Info.plist */ = {isa = PBXFileReference; lastKnownFileType = text.plist.xml; path = Info.plist; sourceTree = "<group>"; };
		F54524481F824F3C006760B5 /* Auto-layoutUITests.xctest */ = {isa = PBXFileReference; explicitFileType = wrapper.cfbundle; includeInIndex = 0; path = "Auto-layoutUITests.xctest"; sourceTree = BUILT_PRODUCTS_DIR; };
		F545244C1F824F3C006760B5 /* Auto_layoutUITests.swift */ = {isa = PBXFileReference; lastKnownFileType = sourcecode.swift; path = Auto_layoutUITests.swift; sourceTree = "<group>"; };
		F545244E1F824F3C006760B5 /* Info.plist */ = {isa = PBXFileReference; lastKnownFileType = text.plist.xml; path = Info.plist; sourceTree = "<group>"; };
/* End PBXFileReference section */

/* Begin PBXFrameworksBuildPhase section */
		F54524261F824F3C006760B5 /* Frameworks */ = {
			isa = PBXFrameworksBuildPhase;
			buildActionMask = 2147483647;
			files = (
			);
			runOnlyForDeploymentPostprocessing = 0;
		};
		F545243A1F824F3C006760B5 /* Frameworks */ = {
			isa = PBXFrameworksBuildPhase;
			buildActionMask = 2147483647;
			files = (
			);
			runOnlyForDeploymentPostprocessing = 0;
		};
		F54524451F824F3C006760B5 /* Frameworks */ = {
			isa = PBXFrameworksBuildPhase;
			buildActionMask = 2147483647;
			files = (
			);
			runOnlyForDeploymentPostprocessing = 0;
		};
/* End PBXFrameworksBuildPhase section */

/* Begin PBXGroup section */
		F54524201F824F3C006760B5 = {
			isa = PBXGroup;
			children = (
				F545242B1F824F3C006760B5 /* Auto-layout */,
				F54524401F824F3C006760B5 /* Auto-layoutTests */,
				F545244B1F824F3C006760B5 /* Auto-layoutUITests */,
				F545242A1F824F3C006760B5 /* Products */,
			);
			sourceTree = "<group>";
		};
		F545242A1F824F3C006760B5 /* Products */ = {
			isa = PBXGroup;
			children = (
				F54524291F824F3C006760B5 /* Auto-layout.app */,
				F545243D1F824F3C006760B5 /* Auto-layoutTests.xctest */,
				F54524481F824F3C006760B5 /* Auto-layoutUITests.xctest */,
			);
			name = Products;
			sourceTree = "<group>";
		};
		F545242B1F824F3C006760B5 /* Auto-layout */ = {
			isa = PBXGroup;
			children = (
				F545242C1F824F3C006760B5 /* AppDelegate.swift */,
				F545242E1F824F3C006760B5 /* ViewController.swift */,
				F54524301F824F3C006760B5 /* Main.storyboard */,
				F54524331F824F3C006760B5 /* Assets.xcassets */,
				F54524351F824F3C006760B5 /* LaunchScreen.storyboard */,
				F54524381F824F3C006760B5 /* Info.plist */,
			);
			path = "Auto-layout";
			sourceTree = "<group>";
		};
		F54524401F824F3C006760B5 /* Auto-layoutTests */ = {
			isa = PBXGroup;
			children = (
				F54524411F824F3C006760B5 /* Auto_layoutTests.swift */,
				F54524431F824F3C006760B5 /* Info.plist */,
			);
			path = "Auto-layoutTests";
			sourceTree = "<group>";
		};
		F545244B1F824F3C006760B5 /* Auto-layoutUITests */ = {
			isa = PBXGroup;
			children = (
				F545244C1F824F3C006760B5 /* Auto_layoutUITests.swift */,
				F545244E1F824F3C006760B5 /* Info.plist */,
			);
			path = "Auto-layoutUITests";
			sourceTree = "<group>";
		};
/* End PBXGroup section */

/* Begin PBXNativeTarget section */
		F54524281F824F3C006760B5 /* Auto-layout */ = {
			isa = PBXNativeTarget;
			buildConfigurationList = F54524511F824F3C006760B5 /* Build configuration list for PBXNativeTarget "Auto-layout" */;
			buildPhases = (
				F54524251F824F3C006760B5 /* Sources */,
				F54524261F824F3C006760B5 /* Frameworks */,
				F54524271F824F3C006760B5 /* Resources */,
			);
			buildRules = (
			);
			dependencies = (
			);
			name = "Auto-layout";
			productName = "Auto-layout";
			productReference = F54524291F824F3C006760B5 /* Auto-layout.app */;
			productType = "com.apple.product-type.application";
		};
		F545243C1F824F3C006760B5 /* Auto-layoutTests */ = {
			isa = PBXNativeTarget;
			buildConfigurationList = F54524541F824F3C006760B5 /* Build configuration list for PBXNativeTarget "Auto-layoutTests" */;
			buildPhases = (
				F54524391F824F3C006760B5 /* Sources */,
				F545243A1F824F3C006760B5 /* Frameworks */,
				F545243B1F824F3C006760B5 /* Resources */,
			);
			buildRules = (
			);
			dependencies = (
				F545243F1F824F3C006760B5 /* PBXTargetDependency */,
			);
			name = "Auto-layoutTests";
			productName = "Auto-layoutTests";
			productReference = F545243D1F824F3C006760B5 /* Auto-layoutTests.xctest */;
			productType = "com.apple.product-type.bundle.unit-test";
		};
		F54524471F824F3C006760B5 /* Auto-layoutUITests */ = {
			isa = PBXNativeTarget;
			buildConfigurationList = F54524571F824F3C006760B5 /* Build configuration list for PBXNativeTarget "Auto-layoutUITests" */;
			buildPhases = (
				F54524441F824F3C006760B5 /* Sources */,
				F54524451F824F3C006760B5 /* Frameworks */,
				F54524461F824F3C006760B5 /* Resources */,
			);
			buildRules = (
			);
			dependencies = (
				F545244A1F824F3C006760B5 /* PBXTargetDependency */,
			);
			name = "Auto-layoutUITests";
			productName = "Auto-layoutUITests";
			productReference = F54524481F824F3C006760B5 /* Auto-layoutUITests.xctest */;
			productType = "com.apple.product-type.bundle.ui-testing";
		};
/* End PBXNativeTarget section */

/* Begin PBXProject section */
		F54524211F824F3C006760B5 /* Project object */ = {
			isa = PBXProject;
			attributes = {
				LastSwiftUpdateCheck = 0900;
				LastUpgradeCheck = 0900;
				ORGANIZATIONNAME = "Kamil Moreński";
				TargetAttributes = {
					F54524281F824F3C006760B5 = {
						CreatedOnToolsVersion = 9.0;
						ProvisioningStyle = Automatic;
					};
					F545243C1F824F3C006760B5 = {
						CreatedOnToolsVersion = 9.0;
						ProvisioningStyle = Automatic;
						TestTargetID = F54524281F824F3C006760B5;
					};
					F54524471F824F3C006760B5 = {
						CreatedOnToolsVersion = 9.0;
						ProvisioningStyle = Automatic;
						TestTargetID = F54524281F824F3C006760B5;
					};
				};
			};
			buildConfigurationList = F54524241F824F3C006760B5 /* Build configuration list for PBXProject "Auto-layout" */;
			compatibilityVersion = "Xcode 8.0";
			developmentRegion = en;
			hasScannedForEncodings = 0;
			knownRegions = (
				en,
				Base,
			);
			mainGroup = F54524201F824F3C006760B5;
			productRefGroup = F545242A1F824F3C006760B5 /* Products */;
			projectDirPath = "";
			projectRoot = "";
			targets = (
				F54524281F824F3C006760B5 /* Auto-layout */,
				F545243C1F824F3C006760B5 /* Auto-layoutTests */,
				F54524471F824F3C006760B5 /* Auto-layoutUITests */,
			);
		};
/* End PBXProject section */

/* Begin PBXResourcesBuildPhase section */
		F54524271F824F3C006760B5 /* Resources */ = {
			isa = PBXResourcesBuildPhase;
			buildActionMask = 2147483647;
			files = (
				F54524371F824F3C006760B5 /* LaunchScreen.storyboard in Resources */,
				F54524341F824F3C006760B5 /* Assets.xcassets in Resources */,
				F54524321F824F3C006760B5 /* Main.storyboard in Resources */,
			);
			runOnlyForDeploymentPostprocessing = 0;
		};
		F545243B1F824F3C006760B5 /* Resources */ = {
			isa = PBXResourcesBuildPhase;
			buildActionMask = 2147483647;
			files = (
			);
			runOnlyForDeploymentPostprocessing = 0;
		};
		F54524461F824F3C006760B5 /* Resources */ = {
			isa = PBXResourcesBuildPhase;
			buildActionMask = 2147483647;
			files = (
			);
			runOnlyForDeploymentPostprocessing = 0;
		};
/* End PBXResourcesBuildPhase section */

/* Begin PBXSourcesBuildPhase section */
		F54524251F824F3C006760B5 /* Sources */ = {
			isa = PBXSourcesBuildPhase;
			buildActionMask = 2147483647;
			files = (
				F545242F1F824F3C006760B5 /* ViewController.swift in Sources */,
				F545242D1F824F3C006760B5 /* AppDelegate.swift in Sources */,
			);
			runOnlyForDeploymentPostprocessing = 0;
		};
		F54524391F824F3C006760B5 /* Sources */ = {
			isa = PBXSourcesBuildPhase;
			buildActionMask = 2147483647;
			files = (
				F54524421F824F3C006760B5 /* Auto_layoutTests.swift in Sources */,
			);
			runOnlyForDeploymentPostprocessing = 0;
		};
		F54524441F824F3C006760B5 /* Sources */ = {
			isa = PBXSourcesBuildPhase;
			buildActionMask = 2147483647;
			files = (
				F545244D1F824F3C006760B5 /* Auto_layoutUITests.swift in Sources */,
			);
			runOnlyForDeploymentPostprocessing = 0;
		};
/* End PBXSourcesBuildPhase section */

/* Begin PBXTargetDependency section */
		F545243F1F824F3C006760B5 /* PBXTargetDependency */ = {
			isa = PBXTargetDependency;
			target = F54524281F824F3C006760B5 /* Auto-layout */;
			targetProxy = F545243E1F824F3C006760B5 /* PBXContainerItemProxy */;
		};
		F545244A1F824F3C006760B5 /* PBXTargetDependency */ = {
			isa = PBXTargetDependency;
			target = F54524281F824F3C006760B5 /* Auto-layout */;
			targetProxy = F54524491F824F3C006760B5 /* PBXContainerItemProxy */;
		};
/* End PBXTargetDependency section */

/* Begin PBXVariantGroup section */
		F54524301F824F3C006760B5 /* Main.storyboard */ = {
			isa = PBXVariantGroup;
			children = (
				F54524311F824F3C006760B5 /* Base */,
			);
			name = Main.storyboard;
			sourceTree = "<group>";
		};
		F54524351F824F3C006760B5 /* LaunchScreen.storyboard */ = {
			isa = PBXVariantGroup;
			children = (
				F54524361F824F3C006760B5 /* Base */,
			);
			name = LaunchScreen.storyboard;
			sourceTree = "<group>";
		};
/* End PBXVariantGroup section */

/* Begin XCBuildConfiguration section */
		F545244F1F824F3C006760B5 /* Debug */ = {
			isa = XCBuildConfiguration;
			buildSettings = {
				ALWAYS_SEARCH_USER_PATHS = NO;
				CLANG_ANALYZER_NONNULL = YES;
				CLANG_ANALYZER_NUMBER_OBJECT_CONVERSION = YES_AGGRESSIVE;
				CLANG_CXX_LANGUAGE_STANDARD = "gnu++14";
				CLANG_CXX_LIBRARY = "libc++";
				CLANG_ENABLE_MODULES = YES;
				CLANG_ENABLE_OBJC_ARC = YES;
				CLANG_WARN_BLOCK_CAPTURE_AUTORELEASING = YES;
				CLANG_WARN_BOOL_CONVERSION = YES;
				CLANG_WARN_COMMA = YES;
				CLANG_WARN_CONSTANT_CONVERSION = YES;
				CLANG_WARN_DIRECT_OBJC_ISA_USAGE = YES_ERROR;
				CLANG_WARN_DOCUMENTATION_COMMENTS = YES;
				CLANG_WARN_EMPTY_BODY = YES;
				CLANG_WARN_ENUM_CONVERSION = YES;
				CLANG_WARN_INFINITE_RECURSION = YES;
				CLANG_WARN_INT_CONVERSION = YES;
				CLANG_WARN_NON_LITERAL_NULL_CONVERSION = YES;
				CLANG_WARN_OBJC_LITERAL_CONVERSION = YES;
				CLANG_WARN_OBJC_ROOT_CLASS = YES_ERROR;
				CLANG_WARN_RANGE_LOOP_ANALYSIS = YES;
				CLANG_WARN_STRICT_PROTOTYPES = YES;
				CLANG_WARN_SUSPICIOUS_MOVE = YES;
				CLANG_WARN_UNGUARDED_AVAILABILITY = YES_AGGRESSIVE;
				CLANG_WARN_UNREACHABLE_CODE = YES;
				CLANG_WARN__DUPLICATE_METHOD_MATCH = YES;
				CODE_SIGN_IDENTITY = "iPhone Developer";
				COPY_PHASE_STRIP = NO;
				DEBUG_INFORMATION_FORMAT = dwarf;
				ENABLE_STRICT_OBJC_MSGSEND = YES;
				ENABLE_TESTABILITY = YES;
				GCC_C_LANGUAGE_STANDARD = gnu11;
				GCC_DYNAMIC_NO_PIC = NO;
				GCC_NO_COMMON_BLOCKS = YES;
				GCC_OPTIMIZATION_LEVEL = 0;
				GCC_PREPROCESSOR_DEFINITIONS = (
					"DEBUG=1",
					"$(inherited)",
				);
				GCC_WARN_64_TO_32_BIT_CONVERSION = YES;
				GCC_WARN_ABOUT_RETURN_TYPE = YES_ERROR;
				GCC_WARN_UNDECLARED_SELECTOR = YES;
				GCC_WARN_UNINITIALIZED_AUTOS = YES_AGGRESSIVE;
				GCC_WARN_UNUSED_FUNCTION = YES;
				GCC_WARN_UNUSED_VARIABLE = YES;
				IPHONEOS_DEPLOYMENT_TARGET = 11.0;
				MTL_ENABLE_DEBUG_INFO = YES;
				ONLY_ACTIVE_ARCH = YES;
				SDKROOT = iphoneos;
				SWIFT_ACTIVE_COMPILATION_CONDITIONS = DEBUG;
				SWIFT_OPTIMIZATION_LEVEL = "-Onone";
			};
			name = Debug;
		};
		F54524501F824F3C006760B5 /* Release */ = {
			isa = XCBuildConfiguration;
			buildSettings = {
				ALWAYS_SEARCH_USER_PATHS = NO;
				CLANG_ANALYZER_NONNULL = YES;
				CLANG_ANALYZER_NUMBER_OBJECT_CONVERSION = YES_AGGRESSIVE;
				CLANG_CXX_LANGUAGE_STANDARD = "gnu++14";
				CLANG_CXX_LIBRARY = "libc++";
				CLANG_ENABLE_MODULES = YES;
				CLANG_ENABLE_OBJC_ARC = YES;
				CLANG_WARN_BLOCK_CAPTURE_AUTORELEASING = YES;
				CLANG_WARN_BOOL_CONVERSION = YES;
				CLANG_WARN_COMMA = YES;
				CLANG_WARN_CONSTANT_CONVERSION = YES;
				CLANG_WARN_DIRECT_OBJC_ISA_USAGE = YES_ERROR;
				CLANG_WARN_DOCUMENTATION_COMMENTS = YES;
				CLANG_WARN_EMPTY_BODY = YES;
				CLANG_WARN_ENUM_CONVERSION = YES;
				CLANG_WARN_INFINITE_RECURSION = YES;
				CLANG_WARN_INT_CONVERSION = YES;
				CLANG_WARN_NON_LITERAL_NULL_CONVERSION = YES;
				CLANG_WARN_OBJC_LITERAL_CONVERSION = YES;
				CLANG_WARN_OBJC_ROOT_CLASS = YES_ERROR;
				CLANG_WARN_RANGE_LOOP_ANALYSIS = YES;
				CLANG_WARN_STRICT_PROTOTYPES = YES;
				CLANG_WARN_SUSPICIOUS_MOVE = YES;
				CLANG_WARN_UNGUARDED_AVAILABILITY = YES_AGGRESSIVE;
				CLANG_WARN_UNREACHABLE_CODE = YES;
				CLANG_WARN__DUPLICATE_METHOD_MATCH = YES;
				CODE_SIGN_IDENTITY = "iPhone Developer";
				COPY_PHASE_STRIP = NO;
				DEBUG_INFORMATION_FORMAT = "dwarf-with-dsym";
				ENABLE_NS_ASSERTIONS = NO;
				ENABLE_STRICT_OBJC_MSGSEND = YES;
				GCC_C_LANGUAGE_STANDARD = gnu11;
				GCC_NO_COMMON_BLOCKS = YES;
				GCC_WARN_64_TO_32_BIT_CONVERSION = YES;
				GCC_WARN_ABOUT_RETURN_TYPE = YES_ERROR;
				GCC_WARN_UNDECLARED_SELECTOR = YES;
				GCC_WARN_UNINITIALIZED_AUTOS = YES_AGGRESSIVE;
				GCC_WARN_UNUSED_FUNCTION = YES;
				GCC_WARN_UNUSED_VARIABLE = YES;
				IPHONEOS_DEPLOYMENT_TARGET = 11.0;
				MTL_ENABLE_DEBUG_INFO = NO;
				SDKROOT = iphoneos;
				SWIFT_OPTIMIZATION_LEVEL = "-Owholemodule";
				VALIDATE_PRODUCT = YES;
			};
			name = Release;
		};
		F54524521F824F3C006760B5 /* Debug */ = {
			isa = XCBuildConfiguration;
			buildSettings = {
				ASSETCATALOG_COMPILER_APPICON_NAME = AppIcon;
				CODE_SIGN_STYLE = Automatic;
				DEVELOPMENT_TEAM = 58EK268L9C;
				INFOPLIST_FILE = "Auto-layout/Info.plist";
				LD_RUNPATH_SEARCH_PATHS = "$(inherited) @executable_path/Frameworks";
				PRODUCT_BUNDLE_IDENTIFIER = "kamilmorenski.Auto-layout";
				PRODUCT_NAME = "$(TARGET_NAME)";
				SWIFT_VERSION = 4.0;
				TARGETED_DEVICE_FAMILY = "1,2";
			};
			name = Debug;
		};
		F54524531F824F3C006760B5 /* Release */ = {
			isa = XCBuildConfiguration;
			buildSettings = {
				ASSETCATALOG_COMPILER_APPICON_NAME = AppIcon;
				CODE_SIGN_STYLE = Automatic;
				DEVELOPMENT_TEAM = 58EK268L9C;
				INFOPLIST_FILE = "Auto-layout/Info.plist";
				LD_RUNPATH_SEARCH_PATHS = "$(inherited) @executable_path/Frameworks";
				PRODUCT_BUNDLE_IDENTIFIER = "kamilmorenski.Auto-layout";
				PRODUCT_NAME = "$(TARGET_NAME)";
				SWIFT_VERSION = 4.0;
				TARGETED_DEVICE_FAMILY = "1,2";
			};
			name = Release;
		};
		F54524551F824F3C006760B5 /* Debug */ = {
			isa = XCBuildConfiguration;
			buildSettings = {
				ALWAYS_EMBED_SWIFT_STANDARD_LIBRARIES = YES;
				BUNDLE_LOADER = "$(TEST_HOST)";
				CODE_SIGN_STYLE = Automatic;
				DEVELOPMENT_TEAM = 58EK268L9C;
				INFOPLIST_FILE = "Auto-layoutTests/Info.plist";
				LD_RUNPATH_SEARCH_PATHS = "$(inherited) @executable_path/Frameworks @loader_path/Frameworks";
				PRODUCT_BUNDLE_IDENTIFIER = "kamilmorenski.Auto-layoutTests";
				PRODUCT_NAME = "$(TARGET_NAME)";
				SWIFT_VERSION = 4.0;
				TARGETED_DEVICE_FAMILY = "1,2";
				TEST_HOST = "$(BUILT_PRODUCTS_DIR)/Auto-layout.app/Auto-layout";
			};
			name = Debug;
		};
		F54524561F824F3C006760B5 /* Release */ = {
			isa = XCBuildConfiguration;
			buildSettings = {
				ALWAYS_EMBED_SWIFT_STANDARD_LIBRARIES = YES;
				BUNDLE_LOADER = "$(TEST_HOST)";
				CODE_SIGN_STYLE = Automatic;
				DEVELOPMENT_TEAM = 58EK268L9C;
				INFOPLIST_FILE = "Auto-layoutTests/Info.plist";
				LD_RUNPATH_SEARCH_PATHS = "$(inherited) @executable_path/Frameworks @loader_path/Frameworks";
				PRODUCT_BUNDLE_IDENTIFIER = "kamilmorenski.Auto-layoutTests";
				PRODUCT_NAME = "$(TARGET_NAME)";
				SWIFT_VERSION = 4.0;
				TARGETED_DEVICE_FAMILY = "1,2";
				TEST_HOST = "$(BUILT_PRODUCTS_DIR)/Auto-layout.app/Auto-layout";
			};
			name = Release;
		};
		F54524581F824F3C006760B5 /* Debug */ = {
			isa = XCBuildConfiguration;
			buildSettings = {
				ALWAYS_EMBED_SWIFT_STANDARD_LIBRARIES = YES;
				CODE_SIGN_STYLE = Automatic;
				DEVELOPMENT_TEAM = 58EK268L9C;
				INFOPLIST_FILE = "Auto-layoutUITests/Info.plist";
				LD_RUNPATH_SEARCH_PATHS = "$(inherited) @executable_path/Frameworks @loader_path/Frameworks";
				PRODUCT_BUNDLE_IDENTIFIER = "kamilmorenski.Auto-layoutUITests";
				PRODUCT_NAME = "$(TARGET_NAME)";
				SWIFT_VERSION = 4.0;
				TARGETED_DEVICE_FAMILY = "1,2";
				TEST_TARGET_NAME = "Auto-layout";
			};
			name = Debug;
		};
		F54524591F824F3C006760B5 /* Release */ = {
			isa = XCBuildConfiguration;
			buildSettings = {
				ALWAYS_EMBED_SWIFT_STANDARD_LIBRARIES = YES;
				CODE_SIGN_STYLE = Automatic;
				DEVELOPMENT_TEAM = 58EK268L9C;
				INFOPLIST_FILE = "Auto-layoutUITests/Info.plist";
				LD_RUNPATH_SEARCH_PATHS = "$(inherited) @executable_path/Frameworks @loader_path/Frameworks";
				PRODUCT_BUNDLE_IDENTIFIER = "kamilmorenski.Auto-layoutUITests";
				PRODUCT_NAME = "$(TARGET_NAME)";
				SWIFT_VERSION = 4.0;
				TARGETED_DEVICE_FAMILY = "1,2";
				TEST_TARGET_NAME = "Auto-layout";
			};
			name = Release;
		};
/* End XCBuildConfiguration section */

/* Begin XCConfigurationList section */
		F54524241F824F3C006760B5 /* Build configuration list for PBXProject "Auto-layout" */ = {
			isa = XCConfigurationList;
			buildConfigurations = (
				F545244F1F824F3C006760B5 /* Debug */,
				F54524501F824F3C006760B5 /* Release */,
			);
			defaultConfigurationIsVisible = 0;
			defaultConfigurationName = Release;
		};
		F54524511F824F3C006760B5 /* Build configuration list for PBXNativeTarget "Auto-layout" */ = {
			isa = XCConfigurationList;
			buildConfigurations = (
				F54524521F824F3C006760B5 /* Debug */,
				F54524531F824F3C006760B5 /* Release */,
			);
			defaultConfigurationIsVisible = 0;
			defaultConfigurationName = Release;
		};
		F54524541F824F3C006760B5 /* Build configuration list for PBXNativeTarget "Auto-layoutTests" */ = {
			isa = XCConfigurationList;
			buildConfigurations = (
				F54524551F824F3C006760B5 /* Debug */,
				F54524561F824F3C006760B5 /* Release */,
			);
			defaultConfigurationIsVisible = 0;
			defaultConfigurationName = Release;
		};
		F54524571F824F3C006760B5 /* Build configuration list for PBXNativeTarget "Auto-layoutUITests" */ = {
			isa = XCConfigurationList;
			buildConfigurations = (
				F54524581F824F3C006760B5 /* Debug */,
				F54524591F824F3C006760B5 /* Release */,
			);
			defaultConfigurationIsVisible = 0;
			defaultConfigurationName = Release;
		};
/* End XCConfigurationList section */
	};
	rootObject = F54524211F824F3C006760B5 /* Project object */;
}
