// !$*UTF8*$!
{
	archiveVersion = 1;
	classes = {
	};
	objectVersion = 48;
	objects = {

/* Begin PBXBuildFile section */
		F53BCEF01F5FD2CE001B33D5 /* AppDelegate.swift in Sources */ = {isa = PBXBuildFile; fileRef = F53BCEEF1F5FD2CE001B33D5 /* AppDelegate.swift */; };
		F53BCEF21F5FD2CE001B33D5 /* ViewController.swift in Sources */ = {isa = PBXBuildFile; fileRef = F53BCEF11F5FD2CE001B33D5 /* ViewController.swift */; };
		F53BCEF51F5FD2CE001B33D5 /* Main.storyboard in Resources */ = {isa = PBXBuildFile; fileRef = F53BCEF31F5FD2CE001B33D5 /* Main.storyboard */; };
		F53BCEF71F5FD2CE001B33D5 /* Assets.xcassets in Resources */ = {isa = PBXBuildFile; fileRef = F53BCEF61F5FD2CE001B33D5 /* Assets.xcassets */; };
		F53BCEFA1F5FD2CE001B33D5 /* LaunchScreen.storyboard in Resources */ = {isa = PBXBuildFile; fileRef = F53BCEF81F5FD2CE001B33D5 /* LaunchScreen.storyboard */; };
/* End PBXBuildFile section */

/* Begin PBXFileReference section */
		F53BCEEC1F5FD2CE001B33D5 /* I Am Królisia.app */ = {isa = PBXFileReference; explicitFileType = wrapper.application; includeInIndex = 0; path = "I Am Królisia.app"; sourceTree = BUILT_PRODUCTS_DIR; };
		F53BCEEF1F5FD2CE001B33D5 /* AppDelegate.swift */ = {isa = PBXFileReference; lastKnownFileType = sourcecode.swift; path = AppDelegate.swift; sourceTree = "<group>"; };
		F53BCEF11F5FD2CE001B33D5 /* ViewController.swift */ = {isa = PBXFileReference; lastKnownFileType = sourcecode.swift; path = ViewController.swift; sourceTree = "<group>"; };
		F53BCEF41F5FD2CE001B33D5 /* Base */ = {isa = PBXFileReference; lastKnownFileType = file.storyboard; name = Base; path = Base.lproj/Main.storyboard; sourceTree = "<group>"; };
		F53BCEF61F5FD2CE001B33D5 /* Assets.xcassets */ = {isa = PBXFileReference; lastKnownFileType = folder.assetcatalog; path = Assets.xcassets; sourceTree = "<group>"; };
		F53BCEF91F5FD2CE001B33D5 /* Base */ = {isa = PBXFileReference; lastKnownFileType = file.storyboard; name = Base; path = Base.lproj/LaunchScreen.storyboard; sourceTree = "<group>"; };
		F53BCEFB1F5FD2CE001B33D5 /* Info.plist */ = {isa = PBXFileReference; lastKnownFileType = text.plist.xml; path = Info.plist; sourceTree = "<group>"; };
/* End PBXFileReference section */

/* Begin PBXFrameworksBuildPhase section */
		F53BCEE91F5FD2CE001B33D5 /* Frameworks */ = {
			isa = PBXFrameworksBuildPhase;
			buildActionMask = 2147483647;
			files = (
			);
			runOnlyForDeploymentPostprocessing = 0;
		};
/* End PBXFrameworksBuildPhase section */

/* Begin PBXGroup section */
		F53BCEE31F5FD2CE001B33D5 = {
			isa = PBXGroup;
			children = (
				F53BCEEE1F5FD2CE001B33D5 /* I Am Królisia */,
				F53BCEED1F5FD2CE001B33D5 /* Products */,
			);
			sourceTree = "<group>";
		};
		F53BCEED1F5FD2CE001B33D5 /* Products */ = {
			isa = PBXGroup;
			children = (
				F53BCEEC1F5FD2CE001B33D5 /* I Am Królisia.app */,
			);
			name = Products;
			sourceTree = "<group>";
		};
		F53BCEEE1F5FD2CE001B33D5 /* I Am Królisia */ = {
			isa = PBXGroup;
			children = (
				F53BCEEF1F5FD2CE001B33D5 /* AppDelegate.swift */,
				F53BCEF11F5FD2CE001B33D5 /* ViewController.swift */,
				F53BCEF31F5FD2CE001B33D5 /* Main.storyboard */,
				F53BCEF61F5FD2CE001B33D5 /* Assets.xcassets */,
				F53BCEF81F5FD2CE001B33D5 /* LaunchScreen.storyboard */,
				F53BCEFB1F5FD2CE001B33D5 /* Info.plist */,
			);
			path = "I Am Królisia";
			sourceTree = "<group>";
		};
/* End PBXGroup section */

/* Begin PBXNativeTarget section */
		F53BCEEB1F5FD2CE001B33D5 /* I Am Królisia */ = {
			isa = PBXNativeTarget;
			buildConfigurationList = F53BCEFE1F5FD2CE001B33D5 /* Build configuration list for PBXNativeTarget "I Am Królisia" */;
			buildPhases = (
				F53BCEE81F5FD2CE001B33D5 /* Sources */,
				F53BCEE91F5FD2CE001B33D5 /* Frameworks */,
				F53BCEEA1F5FD2CE001B33D5 /* Resources */,
			);
			buildRules = (
			);
			dependencies = (
			);
			name = "I Am Królisia";
			productName = "I Am Królisia";
			productReference = F53BCEEC1F5FD2CE001B33D5 /* I Am Królisia.app */;
			productType = "com.apple.product-type.application";
		};
/* End PBXNativeTarget section */

/* Begin PBXProject section */
		F53BCEE41F5FD2CE001B33D5 /* Project object */ = {
			isa = PBXProject;
			attributes = {
				LastSwiftUpdateCheck = 0900;
				LastUpgradeCheck = 0900;
				ORGANIZATIONNAME = "Kamil Moreński";
				TargetAttributes = {
					F53BCEEB1F5FD2CE001B33D5 = {
						CreatedOnToolsVersion = 9.0;
						ProvisioningStyle = Automatic;
					};
				};
			};
			buildConfigurationList = F53BCEE71F5FD2CE001B33D5 /* Build configuration list for PBXProject "I Am Królisia" */;
			compatibilityVersion = "Xcode 8.0";
			developmentRegion = en;
			hasScannedForEncodings = 0;
			knownRegions = (
				en,
				Base,
			);
			mainGroup = F53BCEE31F5FD2CE001B33D5;
			productRefGroup = F53BCEED1F5FD2CE001B33D5 /* Products */;
			projectDirPath = "";
			projectRoot = "";
			targets = (
				F53BCEEB1F5FD2CE001B33D5 /* I Am Królisia */,
			);
		};
/* End PBXProject section */

/* Begin PBXResourcesBuildPhase section */
		F53BCEEA1F5FD2CE001B33D5 /* Resources */ = {
			isa = PBXResourcesBuildPhase;
			buildActionMask = 2147483647;
			files = (
				F53BCEFA1F5FD2CE001B33D5 /* LaunchScreen.storyboard in Resources */,
				F53BCEF71F5FD2CE001B33D5 /* Assets.xcassets in Resources */,
				F53BCEF51F5FD2CE001B33D5 /* Main.storyboard in Resources */,
			);
			runOnlyForDeploymentPostprocessing = 0;
		};
/* End PBXResourcesBuildPhase section */

/* Begin PBXSourcesBuildPhase section */
		F53BCEE81F5FD2CE001B33D5 /* Sources */ = {
			isa = PBXSourcesBuildPhase;
			buildActionMask = 2147483647;
			files = (
				F53BCEF21F5FD2CE001B33D5 /* ViewController.swift in Sources */,
				F53BCEF01F5FD2CE001B33D5 /* AppDelegate.swift in Sources */,
			);
			runOnlyForDeploymentPostprocessing = 0;
		};
/* End PBXSourcesBuildPhase section */

/* Begin PBXVariantGroup section */
		F53BCEF31F5FD2CE001B33D5 /* Main.storyboard */ = {
			isa = PBXVariantGroup;
			children = (
				F53BCEF41F5FD2CE001B33D5 /* Base */,
			);
			name = Main.storyboard;
			sourceTree = "<group>";
		};
		F53BCEF81F5FD2CE001B33D5 /* LaunchScreen.storyboard */ = {
			isa = PBXVariantGroup;
			children = (
				F53BCEF91F5FD2CE001B33D5 /* Base */,
			);
			name = LaunchScreen.storyboard;
			sourceTree = "<group>";
		};
/* End PBXVariantGroup section */

/* Begin XCBuildConfiguration section */
		F53BCEFC1F5FD2CE001B33D5 /* Debug */ = {
			isa = XCBuildConfiguration;
			buildSettings = {
				ALWAYS_SEARCH_USER_PATHS = NO;
				CLANG_ANALYZER_NONNULL = YES;
				CLANG_ANALYZER_NUMBER_OBJECT_CONVERSION = YES_AGGRESSIVE;
				CLANG_CXX_LANGUAGE_STANDARD = "gnu++14";
				CLANG_CXX_LIBRARY = "libc++";
				CLANG_ENABLE_MODULES = YES;
				CLANG_ENABLE_OBJC_ARC = YES;
				CLANG_WARN_BLOCK_CAPTURE_AUTORELEASING = YES;
				CLANG_WARN_BOOL_CONVERSION = YES;
				CLANG_WARN_COMMA = YES;
				CLANG_WARN_CONSTANT_CONVERSION = YES;
				CLANG_WARN_DIRECT_OBJC_ISA_USAGE = YES_ERROR;
				CLANG_WARN_DOCUMENTATION_COMMENTS = YES;
				CLANG_WARN_EMPTY_BODY = YES;
				CLANG_WARN_ENUM_CONVERSION = YES;
				CLANG_WARN_INFINITE_RECURSION = YES;
				CLANG_WARN_INT_CONVERSION = YES;
				CLANG_WARN_NON_LITERAL_NULL_CONVERSION = YES;
				CLANG_WARN_OBJC_LITERAL_CONVERSION = YES;
				CLANG_WARN_OBJC_ROOT_CLASS = YES_ERROR;
				CLANG_WARN_RANGE_LOOP_ANALYSIS = YES;
				CLANG_WARN_STRICT_PROTOTYPES = YES;
				CLANG_WARN_SUSPICIOUS_MOVE = YES;
				CLANG_WARN_UNGUARDED_AVAILABILITY = YES_AGGRESSIVE;
				CLANG_WARN_UNREACHABLE_CODE = YES;
				CLANG_WARN__DUPLICATE_METHOD_MATCH = YES;
				CODE_SIGN_IDENTITY = "iPhone Developer";
				COPY_PHASE_STRIP = NO;
				DEBUG_INFORMATION_FORMAT = dwarf;
				ENABLE_STRICT_OBJC_MSGSEND = YES;
				ENABLE_TESTABILITY = YES;
				GCC_C_LANGUAGE_STANDARD = gnu11;
				GCC_DYNAMIC_NO_PIC = NO;
				GCC_NO_COMMON_BLOCKS = YES;
				GCC_OPTIMIZATION_LEVEL = 0;
				GCC_PREPROCESSOR_DEFINITIONS = (
					"DEBUG=1",
					"$(inherited)",
				);
				GCC_WARN_64_TO_32_BIT_CONVERSION = YES;
				GCC_WARN_ABOUT_RETURN_TYPE = YES_ERROR;
				GCC_WARN_UNDECLARED_SELECTOR = YES;
				GCC_WARN_UNINITIALIZED_AUTOS = YES_AGGRESSIVE;
				GCC_WARN_UNUSED_FUNCTION = YES;
				GCC_WARN_UNUSED_VARIABLE = YES;
				IPHONEOS_DEPLOYMENT_TARGET = 11.0;
				MTL_ENABLE_DEBUG_INFO = YES;
				ONLY_ACTIVE_ARCH = YES;
				SDKROOT = iphoneos;
				SWIFT_ACTIVE_COMPILATION_CONDITIONS = DEBUG;
				SWIFT_OPTIMIZATION_LEVEL = "-Onone";
			};
			name = Debug;
		};
		F53BCEFD1F5FD2CE001B33D5 /* Release */ = {
			isa = XCBuildConfiguration;
			buildSettings = {
				ALWAYS_SEARCH_USER_PATHS = NO;
				CLANG_ANALYZER_NONNULL = YES;
				CLANG_ANALYZER_NUMBER_OBJECT_CONVERSION = YES_AGGRESSIVE;
				CLANG_CXX_LANGUAGE_STANDARD = "gnu++14";
				CLANG_CXX_LIBRARY = "libc++";
				CLANG_ENABLE_MODULES = YES;
				CLANG_ENABLE_OBJC_ARC = YES;
				CLANG_WARN_BLOCK_CAPTURE_AUTORELEASING = YES;
				CLANG_WARN_BOOL_CONVERSION = YES;
				CLANG_WARN_COMMA = YES;
				CLANG_WARN_CONSTANT_CONVERSION = YES;
				CLANG_WARN_DIRECT_OBJC_ISA_USAGE = YES_ERROR;
				CLANG_WARN_DOCUMENTATION_COMMENTS = YES;
				CLANG_WARN_EMPTY_BODY = YES;
				CLANG_WARN_ENUM_CONVERSION = YES;
				CLANG_WARN_INFINITE_RECURSION = YES;
				CLANG_WARN_INT_CONVERSION = YES;
				CLANG_WARN_NON_LITERAL_NULL_CONVERSION = YES;
				CLANG_WARN_OBJC_LITERAL_CONVERSION = YES;
				CLANG_WARN_OBJC_ROOT_CLASS = YES_ERROR;
				CLANG_WARN_RANGE_LOOP_ANALYSIS = YES;
				CLANG_WARN_STRICT_PROTOTYPES = YES;
				CLANG_WARN_SUSPICIOUS_MOVE = YES;
				CLANG_WARN_UNGUARDED_AVAILABILITY = YES_AGGRESSIVE;
				CLANG_WARN_UNREACHABLE_CODE = YES;
				CLANG_WARN__DUPLICATE_METHOD_MATCH = YES;
				CODE_SIGN_IDENTITY = "iPhone Developer";
				COPY_PHASE_STRIP = NO;
				DEBUG_INFORMATION_FORMAT = "dwarf-with-dsym";
				ENABLE_NS_ASSERTIONS = NO;
				ENABLE_STRICT_OBJC_MSGSEND = YES;
				GCC_C_LANGUAGE_STANDARD = gnu11;
				GCC_NO_COMMON_BLOCKS = YES;
				GCC_WARN_64_TO_32_BIT_CONVERSION = YES;
				GCC_WARN_ABOUT_RETURN_TYPE = YES_ERROR;
				GCC_WARN_UNDECLARED_SELECTOR = YES;
				GCC_WARN_UNINITIALIZED_AUTOS = YES_AGGRESSIVE;
				GCC_WARN_UNUSED_FUNCTION = YES;
				GCC_WARN_UNUSED_VARIABLE = YES;
				IPHONEOS_DEPLOYMENT_TARGET = 11.0;
				MTL_ENABLE_DEBUG_INFO = NO;
				SDKROOT = iphoneos;
				SWIFT_OPTIMIZATION_LEVEL = "-Owholemodule";
				VALIDATE_PRODUCT = YES;
			};
			name = Release;
		};
		F53BCEFF1F5FD2CE001B33D5 /* Debug */ = {
			isa = XCBuildConfiguration;
			buildSettings = {
				ASSETCATALOG_COMPILER_APPICON_NAME = AppIcon;
				CODE_SIGN_STYLE = Automatic;
				DEVELOPMENT_TEAM = 58EK268L9C;
				INFOPLIST_FILE = "I Am Królisia/Info.plist";
				LD_RUNPATH_SEARCH_PATHS = "$(inherited) @executable_path/Frameworks";
				PRODUCT_BUNDLE_IDENTIFIER = "com.kamilmorenski.I-Am-Kro-lisia";
				PRODUCT_NAME = "$(TARGET_NAME)";
				SWIFT_VERSION = 4.0;
				TARGETED_DEVICE_FAMILY = "1,2";
			};
			name = Debug;
		};
		F53BCF001F5FD2CE001B33D5 /* Release */ = {
			isa = XCBuildConfiguration;
			buildSettings = {
				ASSETCATALOG_COMPILER_APPICON_NAME = AppIcon;
				CODE_SIGN_STYLE = Automatic;
				DEVELOPMENT_TEAM = 58EK268L9C;
				INFOPLIST_FILE = "I Am Królisia/Info.plist";
				LD_RUNPATH_SEARCH_PATHS = "$(inherited) @executable_path/Frameworks";
				PRODUCT_BUNDLE_IDENTIFIER = "com.kamilmorenski.I-Am-Kro-lisia";
				PRODUCT_NAME = "$(TARGET_NAME)";
				SWIFT_VERSION = 4.0;
				TARGETED_DEVICE_FAMILY = "1,2";
			};
			name = Release;
		};
/* End XCBuildConfiguration section */

/* Begin XCConfigurationList section */
		F53BCEE71F5FD2CE001B33D5 /* Build configuration list for PBXProject "I Am Królisia" */ = {
			isa = XCConfigurationList;
			buildConfigurations = (
				F53BCEFC1F5FD2CE001B33D5 /* Debug */,
				F53BCEFD1F5FD2CE001B33D5 /* Release */,
			);
			defaultConfigurationIsVisible = 0;
			defaultConfigurationName = Release;
		};
		F53BCEFE1F5FD2CE001B33D5 /* Build configuration list for PBXNativeTarget "I Am Królisia" */ = {
			isa = XCConfigurationList;
			buildConfigurations = (
				F53BCEFF1F5FD2CE001B33D5 /* Debug */,
				F53BCF001F5FD2CE001B33D5 /* Release */,
			);
			defaultConfigurationIsVisible = 0;
			defaultConfigurationName = Release;
		};
/* End XCConfigurationList section */
	};
	rootObject = F53BCEE41F5FD2CE001B33D5 /* Project object */;
}
